// !$*UTF8*$!
{
	archiveVersion = 1;
	classes = {
	};
	objectVersion = 77;
	objects = {

/* Begin PBXBuildFile section */
		29CA83F42EBD1611006ABD42 /* README.md in Resources */ = {isa = PBXBuildFile; fileRef = 29CA83F32EBD1611006ABD42 /* README.md */; };
		29CA83F82EBD16B2006ABD42 /* notes.md in Resources */ = {isa = PBXBuildFile; fileRef = 29CA83F72EBD16B2006ABD42 /* notes.md */; };
		29CA83FC2EBD1777006ABD42 /* .gitignore in Resources */ = {isa = PBXBuildFile; fileRef = 29CA83FB2EBD1777006ABD42 /* .gitignore */; };
/* End PBXBuildFile section */

/* Begin PBXContainerItemProxy section */
		298E29942EBBF0DD00864C18 /* PBXContainerItemProxy */ = {
			isa = PBXContainerItemProxy;
			containerPortal = 298E297C2EBBF0DC00864C18 /* Project object */;
			proxyType = 1;
			remoteGlobalIDString = 298E29832EBBF0DC00864C18;
			remoteInfo = Brandons_Todo_List;
		};
		298E299E2EBBF0DD00864C18 /* PBXContainerItemProxy */ = {
			isa = PBXContainerItemProxy;
			containerPortal = 298E297C2EBBF0DC00864C18 /* Project object */;
			proxyType = 1;
			remoteGlobalIDString = 298E29832EBBF0DC00864C18;
			remoteInfo = Brandons_Todo_List;
		};
/* End PBXContainerItemProxy section */

/* Begin PBXFileReference section */
		298E29842EBBF0DC00864C18 /* Brandons_Todo_List.app */ = {isa = PBXFileReference; explicitFileType = wrapper.application; includeInIndex = 0; path = Brandons_Todo_List.app; sourceTree = BUILT_PRODUCTS_DIR; };
		298E29932EBBF0DD00864C18 /* Brandons_Todo_ListTests.xctest */ = {isa = PBXFileReference; explicitFileType = wrapper.cfbundle; includeInIndex = 0; path = Brandons_Todo_ListTests.xctest; sourceTree = BUILT_PRODUCTS_DIR; };
		298E299D2EBBF0DD00864C18 /* Brandons_Todo_ListUITests.xctest */ = {isa = PBXFileReference; explicitFileType = wrapper.cfbundle; includeInIndex = 0; path = Brandons_Todo_ListUITests.xctest; sourceTree = BUILT_PRODUCTS_DIR; };
		29CA83F32EBD1611006ABD42 /* README.md */ = {isa = PBXFileReference; lastKnownFileType = net.daringfireball.markdown; path = README.md; sourceTree = "<group>"; };
		29CA83F72EBD16B2006ABD42 /* notes.md */ = {isa = PBXFileReference; lastKnownFileType = net.daringfireball.markdown; path = notes.md; sourceTree = "<group>"; };
		29CA83FB2EBD1777006ABD42 /* .gitignore */ = {isa = PBXFileReference; lastKnownFileType = text; path = .gitignore; sourceTree = "<group>"; };
/* End PBXFileReference section */

/* Begin PBXFileSystemSynchronizedRootGroup section */
		298E29862EBBF0DC00864C18 /* Brandons_Todo_List */ = {
			isa = PBXFileSystemSynchronizedRootGroup;
			path = Brandons_Todo_List;
			sourceTree = "<group>";
		};
		298E29962EBBF0DD00864C18 /* Brandons_Todo_ListTests */ = {
			isa = PBXFileSystemSynchronizedRootGroup;
			path = Brandons_Todo_ListTests;
			sourceTree = "<group>";
		};
		298E29A02EBBF0DD00864C18 /* Brandons_Todo_ListUITests */ = {
			isa = PBXFileSystemSynchronizedRootGroup;
			path = Brandons_Todo_ListUITests;
			sourceTree = "<group>";
		};
/* End PBXFileSystemSynchronizedRootGroup section */

/* Begin PBXFrameworksBuildPhase section */
		298E29812EBBF0DC00864C18 /* Frameworks */ = {
			isa = PBXFrameworksBuildPhase;
			buildActionMask = 2147483647;
			files = (
			);
			runOnlyForDeploymentPostprocessing = 0;
		};
		298E29902EBBF0DD00864C18 /* Frameworks */ = {
			isa = PBXFrameworksBuildPhase;
			buildActionMask = 2147483647;
			files = (
			);
			runOnlyForDeploymentPostprocessing = 0;
		};
		298E299A2EBBF0DD00864C18 /* Frameworks */ = {
			isa = PBXFrameworksBuildPhase;
			buildActionMask = 2147483647;
			files = (
			);
			runOnlyForDeploymentPostprocessing = 0;
		};
/* End PBXFrameworksBuildPhase section */

/* Begin PBXGroup section */
		298E297B2EBBF0DC00864C18 = {
			isa = PBXGroup;
			children = (
				29CA83F72EBD16B2006ABD42 /* notes.md */,
				29CA83F32EBD1611006ABD42 /* README.md */,
				298E29862EBBF0DC00864C18 /* Brandons_Todo_List */,
				298E29962EBBF0DD00864C18 /* Brandons_Todo_ListTests */,
				298E29A02EBBF0DD00864C18 /* Brandons_Todo_ListUITests */,
				298E29852EBBF0DC00864C18 /* Products */,
				29CA83FB2EBD1777006ABD42 /* .gitignore */,
			);
			sourceTree = "<group>";
		};
		298E29852EBBF0DC00864C18 /* Products */ = {
			isa = PBXGroup;
			children = (
				298E29842EBBF0DC00864C18 /* Brandons_Todo_List.app */,
				298E29932EBBF0DD00864C18 /* Brandons_Todo_ListTests.xctest */,
				298E299D2EBBF0DD00864C18 /* Brandons_Todo_ListUITests.xctest */,
			);
			name = Products;
			sourceTree = "<group>";
		};
/* End PBXGroup section */

/* Begin PBXNativeTarget section */
		298E29832EBBF0DC00864C18 /* Brandons_Todo_List */ = {
			isa = PBXNativeTarget;
			buildConfigurationList = 298E29A72EBBF0DD00864C18 /* Build configuration list for PBXNativeTarget "Brandons_Todo_List" */;
			buildPhases = (
				298E29802EBBF0DC00864C18 /* Sources */,
				298E29812EBBF0DC00864C18 /* Frameworks */,
				298E29822EBBF0DC00864C18 /* Resources */,
			);
			buildRules = (
			);
			dependencies = (
			);
			fileSystemSynchronizedGroups = (
				298E29862EBBF0DC00864C18 /* Brandons_Todo_List */,
			);
			name = Brandons_Todo_List;
			packageProductDependencies = (
			);
			productName = Brandons_Todo_List;
			productReference = 298E29842EBBF0DC00864C18 /* Brandons_Todo_List.app */;
			productType = "com.apple.product-type.application";
		};
		298E29922EBBF0DD00864C18 /* Brandons_Todo_ListTests */ = {
			isa = PBXNativeTarget;
			buildConfigurationList = 298E29AA2EBBF0DD00864C18 /* Build configuration list for PBXNativeTarget "Brandons_Todo_ListTests" */;
			buildPhases = (
				298E298F2EBBF0DD00864C18 /* Sources */,
				298E29902EBBF0DD00864C18 /* Frameworks */,
				298E29912EBBF0DD00864C18 /* Resources */,
			);
			buildRules = (
			);
			dependencies = (
				298E29952EBBF0DD00864C18 /* PBXTargetDependency */,
			);
			fileSystemSynchronizedGroups = (
				298E29962EBBF0DD00864C18 /* Brandons_Todo_ListTests */,
			);
			name = Brandons_Todo_ListTests;
			packageProductDependencies = (
			);
			productName = Brandons_Todo_ListTests;
			productReference = 298E29932EBBF0DD00864C18 /* Brandons_Todo_ListTests.xctest */;
			productType = "com.apple.product-type.bundle.unit-test";
		};
		298E299C2EBBF0DD00864C18 /* Brandons_Todo_ListUITests */ = {
			isa = PBXNativeTarget;
			buildConfigurationList = 298E29AD2EBBF0DD00864C18 /* Build configuration list for PBXNativeTarget "Brandons_Todo_ListUITests" */;
			buildPhases = (
				298E29992EBBF0DD00864C18 /* Sources */,
				298E299A2EBBF0DD00864C18 /* Frameworks */,
				298E299B2EBBF0DD00864C18 /* Resources */,
			);
			buildRules = (
			);
			dependencies = (
				298E299F2EBBF0DD00864C18 /* PBXTargetDependency */,
			);
			fileSystemSynchronizedGroups = (
				298E29A02EBBF0DD00864C18 /* Brandons_Todo_ListUITests */,
			);
			name = Brandons_Todo_ListUITests;
			packageProductDependencies = (
			);
			productName = Brandons_Todo_ListUITests;
			productReference = 298E299D2EBBF0DD00864C18 /* Brandons_Todo_ListUITests.xctest */;
			productType = "com.apple.product-type.bundle.ui-testing";
		};
/* End PBXNativeTarget section */

/* Begin PBXProject section */
		298E297C2EBBF0DC00864C18 /* Project object */ = {
			isa = PBXProject;
			attributes = {
				BuildIndependentTargetsInParallel = 1;
				LastSwiftUpdateCheck = 2610;
				LastUpgradeCheck = 2610;
				TargetAttributes = {
					298E29832EBBF0DC00864C18 = {
						CreatedOnToolsVersion = 26.1;
					};
					298E29922EBBF0DD00864C18 = {
						CreatedOnToolsVersion = 26.1;
						TestTargetID = 298E29832EBBF0DC00864C18;
					};
					298E299C2EBBF0DD00864C18 = {
						CreatedOnToolsVersion = 26.1;
						TestTargetID = 298E29832EBBF0DC00864C18;
					};
				};
			};
			buildConfigurationList = 298E297F2EBBF0DC00864C18 /* Build configuration list for PBXProject "Brandons_Todo_List" */;
			developmentRegion = en;
			hasScannedForEncodings = 0;
			knownRegions = (
				en,
				Base,
			);
			mainGroup = 298E297B2EBBF0DC00864C18;
			minimizedProjectReferenceProxies = 1;
			preferredProjectObjectVersion = 77;
			productRefGroup = 298E29852EBBF0DC00864C18 /* Products */;
			projectDirPath = "";
			projectRoot = "";
			targets = (
				298E29832EBBF0DC00864C18 /* Brandons_Todo_List */,
				298E29922EBBF0DD00864C18 /* Brandons_Todo_ListTests */,
				298E299C2EBBF0DD00864C18 /* Brandons_Todo_ListUITests */,
			);
		};
/* End PBXProject section */

/* Begin PBXResourcesBuildPhase section */
		298E29822EBBF0DC00864C18 /* Resources */ = {
			isa = PBXResourcesBuildPhase;
			buildActionMask = 2147483647;
			files = (
				29CA83FC2EBD1777006ABD42 /* .gitignore in Resources */,
				29CA83F82EBD16B2006ABD42 /* notes.md in Resources */,
				29CA83F42EBD1611006ABD42 /* README.md in Resources */,
			);
			runOnlyForDeploymentPostprocessing = 0;
		};
		298E29912EBBF0DD00864C18 /* Resources */ = {
			isa = PBXResourcesBuildPhase;
			buildActionMask = 2147483647;
			files = (
			);
			runOnlyForDeploymentPostprocessing = 0;
		};
		298E299B2EBBF0DD00864C18 /* Resources */ = {
			isa = PBXResourcesBuildPhase;
			buildActionMask = 2147483647;
			files = (
			);
			runOnlyForDeploymentPostprocessing = 0;
		};
/* End PBXResourcesBuildPhase section */

/* Begin PBXSourcesBuildPhase section */
		298E29802EBBF0DC00864C18 /* Sources */ = {
			isa = PBXSourcesBuildPhase;
			buildActionMask = 2147483647;
			files = (
			);
			runOnlyForDeploymentPostprocessing = 0;
		};
		298E298F2EBBF0DD00864C18 /* Sources */ = {
			isa = PBXSourcesBuildPhase;
			buildActionMask = 2147483647;
			files = (
			);
			runOnlyForDeploymentPostprocessing = 0;
		};
		298E29992EBBF0DD00864C18 /* Sources */ = {
			isa = PBXSourcesBuildPhase;
			buildActionMask = 2147483647;
			files = (
			);
			runOnlyForDeploymentPostprocessing = 0;
		};
/* End PBXSourcesBuildPhase section */

/* Begin PBXTargetDependency section */
		298E29952EBBF0DD00864C18 /* PBXTargetDependency */ = {
			isa = PBXTargetDependency;
			target = 298E29832EBBF0DC00864C18 /* Brandons_Todo_List */;
			targetProxy = 298E29942EBBF0DD00864C18 /* PBXContainerItemProxy */;
		};
		298E299F2EBBF0DD00864C18 /* PBXTargetDependency */ = {
			isa = PBXTargetDependency;
			target = 298E29832EBBF0DC00864C18 /* Brandons_Todo_List */;
			targetProxy = 298E299E2EBBF0DD00864C18 /* PBXContainerItemProxy */;
		};
/* End PBXTargetDependency section */

/* Begin XCBuildConfiguration section */
		298E29A52EBBF0DD00864C18 /* Debug */ = {
			isa = XCBuildConfiguration;
			buildSettings = {
				ALWAYS_SEARCH_USER_PATHS = NO;
				ASSETCATALOG_COMPILER_GENERATE_SWIFT_ASSET_SYMBOL_EXTENSIONS = YES;
				CLANG_ANALYZER_NONNULL = YES;
				CLANG_ANALYZER_NUMBER_OBJECT_CONVERSION = YES_AGGRESSIVE;
				CLANG_CXX_LANGUAGE_STANDARD = "gnu++20";
				CLANG_ENABLE_MODULES = YES;
				CLANG_ENABLE_OBJC_ARC = YES;
				CLANG_ENABLE_OBJC_WEAK = YES;
				CLANG_WARN_BLOCK_CAPTURE_AUTORELEASING = YES;
				CLANG_WARN_BOOL_CONVERSION = YES;
				CLANG_WARN_COMMA = YES;
				CLANG_WARN_CONSTANT_CONVERSION = YES;
				CLANG_WARN_DEPRECATED_OBJC_IMPLEMENTATIONS = YES;
				CLANG_WARN_DIRECT_OBJC_ISA_USAGE = YES_ERROR;
				CLANG_WARN_DOCUMENTATION_COMMENTS = YES;
				CLANG_WARN_EMPTY_BODY = YES;
				CLANG_WARN_ENUM_CONVERSION = YES;
				CLANG_WARN_INFINITE_RECURSION = YES;
				CLANG_WARN_INT_CONVERSION = YES;
				CLANG_WARN_NON_LITERAL_NULL_CONVERSION = YES;
				CLANG_WARN_OBJC_IMPLICIT_RETAIN_SELF = YES;
				CLANG_WARN_OBJC_LITERAL_CONVERSION = YES;
				CLANG_WARN_OBJC_ROOT_CLASS = YES_ERROR;
				CLANG_WARN_QUOTED_INCLUDE_IN_FRAMEWORK_HEADER = YES;
				CLANG_WARN_RANGE_LOOP_ANALYSIS = YES;
				CLANG_WARN_STRICT_PROTOTYPES = YES;
				CLANG_WARN_SUSPICIOUS_MOVE = YES;
				CLANG_WARN_UNGUARDED_AVAILABILITY = YES_AGGRESSIVE;
				CLANG_WARN_UNREACHABLE_CODE = YES;
				CLANG_WARN__DUPLICATE_METHOD_MATCH = YES;
				COPY_PHASE_STRIP = NO;
				DEBUG_INFORMATION_FORMAT = dwarf;
				DEVELOPMENT_TEAM = 4HM8AA4867;
				ENABLE_STRICT_OBJC_MSGSEND = YES;
				ENABLE_TESTABILITY = YES;
				ENABLE_USER_SCRIPT_SANDBOXING = YES;
				GCC_C_LANGUAGE_STANDARD = gnu17;
				GCC_DYNAMIC_NO_PIC = NO;
				GCC_NO_COMMON_BLOCKS = YES;
				GCC_OPTIMIZATION_LEVEL = 0;
				GCC_PREPROCESSOR_DEFINITIONS = (
					"DEBUG=1",
					"$(inherited)",
				);
				GCC_WARN_64_TO_32_BIT_CONVERSION = YES;
				GCC_WARN_ABOUT_RETURN_TYPE = YES_ERROR;
				GCC_WARN_UNDECLARED_SELECTOR = YES;
				GCC_WARN_UNINITIALIZED_AUTOS = YES_AGGRESSIVE;
				GCC_WARN_UNUSED_FUNCTION = YES;
				GCC_WARN_UNUSED_VARIABLE = YES;
				IPHONEOS_DEPLOYMENT_TARGET = 26.1;
				LOCALIZATION_PREFERS_STRING_CATALOGS = YES;
				MTL_ENABLE_DEBUG_INFO = INCLUDE_SOURCE;
				MTL_FAST_MATH = YES;
				ONLY_ACTIVE_ARCH = YES;
				SDKROOT = iphoneos;
				SWIFT_ACTIVE_COMPILATION_CONDITIONS = "DEBUG $(inherited)";
				SWIFT_OPTIMIZATION_LEVEL = "-Onone";
			};
			name = Debug;
		};
		298E29A62EBBF0DD00864C18 /* Release */ = {
			isa = XCBuildConfiguration;
			buildSettings = {
				ALWAYS_SEARCH_USER_PATHS = NO;
				ASSETCATALOG_COMPILER_GENERATE_SWIFT_ASSET_SYMBOL_EXTENSIONS = YES;
				CLANG_ANALYZER_NONNULL = YES;
				CLANG_ANALYZER_NUMBER_OBJECT_CONVERSION = YES_AGGRESSIVE;
				CLANG_CXX_LANGUAGE_STANDARD = "gnu++20";
				CLANG_ENABLE_MODULES = YES;
				CLANG_ENABLE_OBJC_ARC = YES;
				CLANG_ENABLE_OBJC_WEAK = YES;
				CLANG_WARN_BLOCK_CAPTURE_AUTORELEASING = YES;
				CLANG_WARN_BOOL_CONVERSION = YES;
				CLANG_WARN_COMMA = YES;
				CLANG_WARN_CONSTANT_CONVERSION = YES;
				CLANG_WARN_DEPRECATED_OBJC_IMPLEMENTATIONS = YES;
				CLANG_WARN_DIRECT_OBJC_ISA_USAGE = YES_ERROR;
				CLANG_WARN_DOCUMENTATION_COMMENTS = YES;
				CLANG_WARN_EMPTY_BODY = YES;
				CLANG_WARN_ENUM_CONVERSION = YES;
				CLANG_WARN_INFINITE_RECURSION = YES;
				CLANG_WARN_INT_CONVERSION = YES;
				CLANG_WARN_NON_LITERAL_NULL_CONVERSION = YES;
				CLANG_WARN_OBJC_IMPLICIT_RETAIN_SELF = YES;
				CLANG_WARN_OBJC_LITERAL_CONVERSION = YES;
				CLANG_WARN_OBJC_ROOT_CLASS = YES_ERROR;
				CLANG_WARN_QUOTED_INCLUDE_IN_FRAMEWORK_HEADER = YES;
				CLANG_WARN_RANGE_LOOP_ANALYSIS = YES;
				CLANG_WARN_STRICT_PROTOTYPES = YES;
				CLANG_WARN_SUSPICIOUS_MOVE = YES;
				CLANG_WARN_UNGUARDED_AVAILABILITY = YES_AGGRESSIVE;
				CLANG_WARN_UNREACHABLE_CODE = YES;
				CLANG_WARN__DUPLICATE_METHOD_MATCH = YES;
				COPY_PHASE_STRIP = NO;
				DEBUG_INFORMATION_FORMAT = "dwarf-with-dsym";
				DEVELOPMENT_TEAM = 4HM8AA4867;
				ENABLE_NS_ASSERTIONS = NO;
				ENABLE_STRICT_OBJC_MSGSEND = YES;
				ENABLE_USER_SCRIPT_SANDBOXING = YES;
				GCC_C_LANGUAGE_STANDARD = gnu17;
				GCC_NO_COMMON_BLOCKS = YES;
				GCC_WARN_64_TO_32_BIT_CONVERSION = YES;
				GCC_WARN_ABOUT_RETURN_TYPE = YES_ERROR;
				GCC_WARN_UNDECLARED_SELECTOR = YES;
				GCC_WARN_UNINITIALIZED_AUTOS = YES_AGGRESSIVE;
				GCC_WARN_UNUSED_FUNCTION = YES;
				GCC_WARN_UNUSED_VARIABLE = YES;
				IPHONEOS_DEPLOYMENT_TARGET = 26.1;
				LOCALIZATION_PREFERS_STRING_CATALOGS = YES;
				MTL_ENABLE_DEBUG_INFO = NO;
				MTL_FAST_MATH = YES;
				SDKROOT = iphoneos;
				SWIFT_COMPILATION_MODE = wholemodule;
				VALIDATE_PRODUCT = YES;
			};
			name = Release;
		};
		298E29A82EBBF0DD00864C18 /* Debug */ = {
			isa = XCBuildConfiguration;
			buildSettings = {
				ASSETCATALOG_COMPILER_APPICON_NAME = AppIcon;
				ASSETCATALOG_COMPILER_GLOBAL_ACCENT_COLOR_NAME = AccentColor;
				CODE_SIGN_STYLE = Automatic;
				CURRENT_PROJECT_VERSION = 1;
				DEVELOPMENT_TEAM = 4HM8AA4867;
				ENABLE_PREVIEWS = YES;
				GENERATE_INFOPLIST_FILE = YES;
				INFOPLIST_KEY_CFBundleDisplayName = "Brandon's ToDo List";
				INFOPLIST_KEY_UIApplicationSceneManifest_Generation = YES;
				INFOPLIST_KEY_UIApplicationSupportsIndirectInputEvents = YES;
				INFOPLIST_KEY_UILaunchScreen_Generation = YES;
				INFOPLIST_KEY_UILaunchStoryboardName = LandingPage;
				INFOPLIST_KEY_UISupportedInterfaceOrientations_iPad = "UIInterfaceOrientationPortrait UIInterfaceOrientationPortraitUpsideDown UIInterfaceOrientationLandscapeLeft UIInterfaceOrientationLandscapeRight";
				INFOPLIST_KEY_UISupportedInterfaceOrientations_iPhone = "UIInterfaceOrientationPortrait UIInterfaceOrientationLandscapeLeft UIInterfaceOrientationLandscapeRight";
				LD_RUNPATH_SEARCH_PATHS = (
					"$(inherited)",
					"@executable_path/Frameworks",
				);
				MARKETING_VERSION = 1.0;
				PRODUCT_BUNDLE_IDENTIFIER = "pottsProjects.Brandons-Todo-List";
				PRODUCT_NAME = "$(TARGET_NAME)";
				STRING_CATALOG_GENERATE_SYMBOLS = YES;
				SWIFT_APPROACHABLE_CONCURRENCY = YES;
				SWIFT_DEFAULT_ACTOR_ISOLATION = MainActor;
				SWIFT_EMIT_LOC_STRINGS = YES;
				SWIFT_UPCOMING_FEATURE_MEMBER_IMPORT_VISIBILITY = YES;
				SWIFT_VERSION = 5.0;
				TARGETED_DEVICE_FAMILY = "1,2";
			};
			name = Debug;
		};
		298E29A92EBBF0DD00864C18 /* Release */ = {
			isa = XCBuildConfiguration;
			buildSettings = {
				ASSETCATALOG_COMPILER_APPICON_NAME = AppIcon;
				ASSETCATALOG_COMPILER_GLOBAL_ACCENT_COLOR_NAME = AccentColor;
				CODE_SIGN_STYLE = Automatic;
				CURRENT_PROJECT_VERSION = 1;
				DEVELOPMENT_TEAM = 4HM8AA4867;
				ENABLE_PREVIEWS = YES;
				GENERATE_INFOPLIST_FILE = YES;
				INFOPLIST_KEY_CFBundleDisplayName = "Brandon's ToDo List";
				INFOPLIST_KEY_UIApplicationSceneManifest_Generation = YES;
				INFOPLIST_KEY_UIApplicationSupportsIndirectInputEvents = YES;
				INFOPLIST_KEY_UILaunchScreen_Generation = YES;
				INFOPLIST_KEY_UILaunchStoryboardName = LandingPage;
				INFOPLIST_KEY_UISupportedInterfaceOrientations_iPad = "UIInterfaceOrientationPortrait UIInterfaceOrientationPortraitUpsideDown UIInterfaceOrientationLandscapeLeft UIInterfaceOrientationLandscapeRight";
				INFOPLIST_KEY_UISupportedInterfaceOrientations_iPhone = "UIInterfaceOrientationPortrait UIInterfaceOrientationLandscapeLeft UIInterfaceOrientationLandscapeRight";
				LD_RUNPATH_SEARCH_PATHS = (
					"$(inherited)",
					"@executable_path/Frameworks",
				);
				MARKETING_VERSION = 1.0;
				PRODUCT_BUNDLE_IDENTIFIER = "pottsProjects.Brandons-Todo-List";
				PRODUCT_NAME = "$(TARGET_NAME)";
				STRING_CATALOG_GENERATE_SYMBOLS = YES;
				SWIFT_APPROACHABLE_CONCURRENCY = YES;
				SWIFT_DEFAULT_ACTOR_ISOLATION = MainActor;
				SWIFT_EMIT_LOC_STRINGS = YES;
				SWIFT_UPCOMING_FEATURE_MEMBER_IMPORT_VISIBILITY = YES;
				SWIFT_VERSION = 5.0;
				TARGETED_DEVICE_FAMILY = "1,2";
			};
			name = Release;
		};
		298E29AB2EBBF0DD00864C18 /* Debug */ = {
			isa = XCBuildConfiguration;
			buildSettings = {
				BUNDLE_LOADER = "$(TEST_HOST)";
				CODE_SIGN_STYLE = Automatic;
				CURRENT_PROJECT_VERSION = 1;
				DEVELOPMENT_TEAM = 4HM8AA4867;
				GENERATE_INFOPLIST_FILE = YES;
				IPHONEOS_DEPLOYMENT_TARGET = 26.1;
				MARKETING_VERSION = 1.0;
				PRODUCT_BUNDLE_IDENTIFIER = "pottsProjects.Brandons-Todo-ListTests";
				PRODUCT_NAME = "$(TARGET_NAME)";
				STRING_CATALOG_GENERATE_SYMBOLS = NO;
				SWIFT_APPROACHABLE_CONCURRENCY = YES;
				SWIFT_EMIT_LOC_STRINGS = NO;
				SWIFT_UPCOMING_FEATURE_MEMBER_IMPORT_VISIBILITY = YES;
				SWIFT_VERSION = 5.0;
				TARGETED_DEVICE_FAMILY = "1,2";
				TEST_HOST = "$(BUILT_PRODUCTS_DIR)/Brandons_Todo_List.app/$(BUNDLE_EXECUTABLE_FOLDER_PATH)/Brandons_Todo_List";
			};
			name = Debug;
		};
		298E29AC2EBBF0DD00864C18 /* Release */ = {
			isa = XCBuildConfiguration;
			buildSettings = {
				BUNDLE_LOADER = "$(TEST_HOST)";
				CODE_SIGN_STYLE = Automatic;
				CURRENT_PROJECT_VERSION = 1;
				DEVELOPMENT_TEAM = 4HM8AA4867;
				GENERATE_INFOPLIST_FILE = YES;
				IPHONEOS_DEPLOYMENT_TARGET = 26.1;
				MARKETING_VERSION = 1.0;
				PRODUCT_BUNDLE_IDENTIFIER = "pottsProjects.Brandons-Todo-ListTests";
				PRODUCT_NAME = "$(TARGET_NAME)";
				STRING_CATALOG_GENERATE_SYMBOLS = NO;
				SWIFT_APPROACHABLE_CONCURRENCY = YES;
				SWIFT_EMIT_LOC_STRINGS = NO;
				SWIFT_UPCOMING_FEATURE_MEMBER_IMPORT_VISIBILITY = YES;
				SWIFT_VERSION = 5.0;
				TARGETED_DEVICE_FAMILY = "1,2";
				TEST_HOST = "$(BUILT_PRODUCTS_DIR)/Brandons_Todo_List.app/$(BUNDLE_EXECUTABLE_FOLDER_PATH)/Brandons_Todo_List";
			};
			name = Release;
		};
		298E29AE2EBBF0DD00864C18 /* Debug */ = {
			isa = XCBuildConfiguration;
			buildSettings = {
				CODE_SIGN_STYLE = Automatic;
				CURRENT_PROJECT_VERSION = 1;
				DEVELOPMENT_TEAM = 4HM8AA4867;
				GENERATE_INFOPLIST_FILE = YES;
				MARKETING_VERSION = 1.0;
				PRODUCT_BUNDLE_IDENTIFIER = "pottsProjects.Brandons-Todo-ListUITests";
				PRODUCT_NAME = "$(TARGET_NAME)";
				STRING_CATALOG_GENERATE_SYMBOLS = NO;
				SWIFT_APPROACHABLE_CONCURRENCY = YES;
				SWIFT_EMIT_LOC_STRINGS = NO;
				SWIFT_UPCOMING_FEATURE_MEMBER_IMPORT_VISIBILITY = YES;
				SWIFT_VERSION = 5.0;
				TARGETED_DEVICE_FAMILY = "1,2";
				TEST_TARGET_NAME = Brandons_Todo_List;
			};
			name = Debug;
		};
		298E29AF2EBBF0DD00864C18 /* Release */ = {
			isa = XCBuildConfiguration;
			buildSettings = {
				CODE_SIGN_STYLE = Automatic;
				CURRENT_PROJECT_VERSION = 1;
				DEVELOPMENT_TEAM = 4HM8AA4867;
				GENERATE_INFOPLIST_FILE = YES;
				MARKETING_VERSION = 1.0;
				PRODUCT_BUNDLE_IDENTIFIER = "pottsProjects.Brandons-Todo-ListUITests";
				PRODUCT_NAME = "$(TARGET_NAME)";
				STRING_CATALOG_GENERATE_SYMBOLS = NO;
				SWIFT_APPROACHABLE_CONCURRENCY = YES;
				SWIFT_EMIT_LOC_STRINGS = NO;
				SWIFT_UPCOMING_FEATURE_MEMBER_IMPORT_VISIBILITY = YES;
				SWIFT_VERSION = 5.0;
				TARGETED_DEVICE_FAMILY = "1,2";
				TEST_TARGET_NAME = Brandons_Todo_List;
			};
			name = Release;
		};
/* End XCBuildConfiguration section */

/* Begin XCConfigurationList section */
		298E297F2EBBF0DC00864C18 /* Build configuration list for PBXProject "Brandons_Todo_List" */ = {
			isa = XCConfigurationList;
			buildConfigurations = (
				298E29A52EBBF0DD00864C18 /* Debug */,
				298E29A62EBBF0DD00864C18 /* Release */,
			);
			defaultConfigurationIsVisible = 0;
			defaultConfigurationName = Release;
		};
		298E29A72EBBF0DD00864C18 /* Build configuration list for PBXNativeTarget "Brandons_Todo_List" */ = {
			isa = XCConfigurationList;
			buildConfigurations = (
				298E29A82EBBF0DD00864C18 /* Debug */,
				298E29A92EBBF0DD00864C18 /* Release */,
			);
			defaultConfigurationIsVisible = 0;
			defaultConfigurationName = Release;
		};
		298E29AA2EBBF0DD00864C18 /* Build configuration list for PBXNativeTarget "Brandons_Todo_ListTests" */ = {
			isa = XCConfigurationList;
			buildConfigurations = (
				298E29AB2EBBF0DD00864C18 /* Debug */,
				298E29AC2EBBF0DD00864C18 /* Release */,
			);
			defaultConfigurationIsVisible = 0;
			defaultConfigurationName = Release;
		};
		298E29AD2EBBF0DD00864C18 /* Build configuration list for PBXNativeTarget "Brandons_Todo_ListUITests" */ = {
			isa = XCConfigurationList;
			buildConfigurations = (
				298E29AE2EBBF0DD00864C18 /* Debug */,
				298E29AF2EBBF0DD00864C18 /* Release */,
			);
			defaultConfigurationIsVisible = 0;
			defaultConfigurationName = Release;
		};
/* End XCConfigurationList section */
	};
	rootObject = 298E297C2EBBF0DC00864C18 /* Project object */;
}
